
Microsoft Visual Studio Solution File, Format Version 12.00
# Visual Studio Version 16
VisualStudioVersion = 16.0.31205.134
MinimumVisualStudioVersion = 10.0.40219.1
Project("{9A19103F-16F7-4668-BE54-9A1E7A4F7556}") = "SverigeVaderApp", "SverigeVaderApp\SverigeVaderApp.csproj", "{06C72860-DBB6-4AD4-9EC9-4647A820A23C}"
EndProject
Global
	GlobalSection(SolutionConfigurationPlatforms) = preSolution
		Debug|Any CPU = Debug|Any CPU
		Release|Any CPU = Release|Any CPU
	EndGlobalSection
	GlobalSection(ProjectConfigurationPlatforms) = postSolution
		{06C72860-DBB6-4AD4-9EC9-4647A820A23C}.Debug|Any CPU.ActiveCfg = Debug|Any CPU
		{06C72860-DBB6-4AD4-9EC9-4647A820A23C}.Debug|Any CPU.Build.0 = Debug|Any CPU
		{06C72860-DBB6-4AD4-9EC9-4647A820A23C}.Release|Any CPU.ActiveCfg = Release|Any CPU
		{06C72860-DBB6-4AD4-9EC9-4647A820A23C}.Release|Any CPU.Build.0 = Release|Any CPU
	EndGlobalSection
	GlobalSection(SolutionProperties) = preSolution
		HideSolutionNode = FALSE
	EndGlobalSection
	GlobalSection(ExtensibilityGlobals) = postSolution
		SolutionGuid = {7DE9898A-445D-4FD4-8E88-AE669F69A57C}
	EndGlobalSection
EndGlobal
